Microsoft Visual Studio Solution File, Format Version 12.00
# Visual Studio Version 17
VisualStudioVersion = 17.0.31611.283
MinimumVisualStudioVersion = 10.0.40219.1
Project("{9A19103F-16F7-4668-BE54-9A1E7A4F7556}") = "ChrilleGram.UI", "ChrilleGram.UI\ChrilleGram.UI.csproj", "{1A490EDD-935F-4C23-B484-D136A43F854F}"
EndProject
Project("{9A19103F-16F7-4668-BE54-9A1E7A4F7556}") = "ChrilleGram.Api", "ChrilleGram.Api\ChrilleGram.Api.csproj", "{A771D661-829E-4823-9A18-4C777C3D9F11}"
EndProject
Project("{9A19103F-16F7-4668-BE54-9A1E7A4F7556}") = "ChrilleGram.Entities", "ChrilleGram.Entites\ChrilleGram.Entities.csproj", "{D5D8E9A5-0A24-4352-B934-04E081F4C8F9}"
EndProject
Global
	GlobalSection(SolutionConfigurationPlatforms) = preSolution
		Debug|Any CPU = Debug|Any CPU
		Release|Any CPU = Release|Any CPU
	EndGlobalSection
	GlobalSection(ProjectConfigurationPlatforms) = postSolution
		{1A490EDD-935F-4C23-B484-D136A43F854F}.Debug|Any CPU.ActiveCfg = Debug|Any CPU
		{1A490EDD-935F-4C23-B484-D136A43F854F}.Debug|Any CPU.Build.0 = Debug|Any CPU
		{1A490EDD-935F-4C23-B484-D136A43F854F}.Debug|Any CPU.Deploy.0 = Debug|Any CPU
		{1A490EDD-935F-4C23-B484-D136A43F854F}.Release|Any CPU.ActiveCfg = Release|Any CPU
		{1A490EDD-935F-4C23-B484-D136A43F854F}.Release|Any CPU.Build.0 = Release|Any CPU
		{1A490EDD-935F-4C23-B484-D136A43F854F}.Release|Any CPU.Deploy.0 = Release|Any CPU
		{A771D661-829E-4823-9A18-4C777C3D9F11}.Debug|Any CPU.ActiveCfg = Debug|Any CPU
		{A771D661-829E-4823-9A18-4C777C3D9F11}.Debug|Any CPU.Build.0 = Debug|Any CPU
		{A771D661-829E-4823-9A18-4C777C3D9F11}.Release|Any CPU.ActiveCfg = Release|Any CPU
		{A771D661-829E-4823-9A18-4C777C3D9F11}.Release|Any CPU.Build.0 = Release|Any CPU
		{D5D8E9A5-0A24-4352-B934-04E081F4C8F9}.Debug|Any CPU.ActiveCfg = Debug|Any CPU
		{D5D8E9A5-0A24-4352-B934-04E081F4C8F9}.Debug|Any CPU.Build.0 = Debug|Any CPU
		{D5D8E9A5-0A24-4352-B934-04E081F4C8F9}.Release|Any CPU.ActiveCfg = Release|Any CPU
		{D5D8E9A5-0A24-4352-B934-04E081F4C8F9}.Release|Any CPU.Build.0 = Release|Any CPU
	EndGlobalSection
	GlobalSection(SolutionProperties) = preSolution
		HideSolutionNode = FALSE
	EndGlobalSection
	GlobalSection(ExtensibilityGlobals) = postSolution
		        SolutionGuid = {61F7FB11-1E47-470C-91E2-47F8143E1572}
		SolutionGuid = {B1DB8B02-6314-48D7-A7CD-364026699A12}
	EndGlobalSection
EndGlobal
